// !$*UTF8*$!
{
	archiveVersion = 1;
	classes = {
	};
	objectVersion = 56;
	objects = {

/* Begin PBXBuildFile section */
		7A1066902BFE33890027F37B /* MixColorApp.swift in Sources */ = {isa = PBXBuildFile; fileRef = 7A10668F2BFE33890027F37B /* MixColorApp.swift */; };
		7A1066922BFE33890027F37B /* ContentView.swift in Sources */ = {isa = PBXBuildFile; fileRef = 7A1066912BFE33890027F37B /* ContentView.swift */; };
		7A1066942BFE338A0027F37B /* Assets.xcassets in Resources */ = {isa = PBXBuildFile; fileRef = 7A1066932BFE338A0027F37B /* Assets.xcassets */; };
		7A1066972BFE338A0027F37B /* Preview Assets.xcassets in Resources */ = {isa = PBXBuildFile; fileRef = 7A1066962BFE338A0027F37B /* Preview Assets.xcassets */; };
		7A61D1502C00AA3600B242CF /* Readme.md in Resources */ = {isa = PBXBuildFile; fileRef = 7A61D14F2C00AA3600B242CF /* Readme.md */; };
		7A647E332BFF58180002945F /* SelectColor.swift in Sources */ = {isa = PBXBuildFile; fileRef = 7A647E322BFF58180002945F /* SelectColor.swift */; };
		7A647E392BFF6FA10002945F /* Plus.swift in Sources */ = {isa = PBXBuildFile; fileRef = 7A647E382BFF6FA10002945F /* Plus.swift */; };
		7A647E3B2BFF704F0002945F /* Equal.swift in Sources */ = {isa = PBXBuildFile; fileRef = 7A647E3A2BFF704F0002945F /* Equal.swift */; };
		7A9EA5912BFF71CB001954BD /* ResultView.swift in Sources */ = {isa = PBXBuildFile; fileRef = 7A9EA5902BFF71CB001954BD /* ResultView.swift */; };
		7A9EA5952BFF7F51001954BD /* Model.swift in Sources */ = {isa = PBXBuildFile; fileRef = 7A9EA5942BFF7F51001954BD /* Model.swift */; };
/* End PBXBuildFile section */

/* Begin PBXFileReference section */
		7A10668C2BFE33890027F37B /* MixColor.app */ = {isa = PBXFileReference; explicitFileType = wrapper.application; includeInIndex = 0; path = MixColor.app; sourceTree = BUILT_PRODUCTS_DIR; };
		7A10668F2BFE33890027F37B /* MixColorApp.swift */ = {isa = PBXFileReference; lastKnownFileType = sourcecode.swift; path = MixColorApp.swift; sourceTree = "<group>"; };
		7A1066912BFE33890027F37B /* ContentView.swift */ = {isa = PBXFileReference; lastKnownFileType = sourcecode.swift; path = ContentView.swift; sourceTree = "<group>"; };
		7A1066932BFE338A0027F37B /* Assets.xcassets */ = {isa = PBXFileReference; lastKnownFileType = folder.assetcatalog; path = Assets.xcassets; sourceTree = "<group>"; };
		7A1066962BFE338A0027F37B /* Preview Assets.xcassets */ = {isa = PBXFileReference; lastKnownFileType = folder.assetcatalog; path = "Preview Assets.xcassets"; sourceTree = "<group>"; };
		7A61D14F2C00AA3600B242CF /* Readme.md */ = {isa = PBXFileReference; lastKnownFileType = net.daringfireball.markdown; path = Readme.md; sourceTree = "<group>"; };
		7A647E322BFF58180002945F /* SelectColor.swift */ = {isa = PBXFileReference; lastKnownFileType = sourcecode.swift; path = SelectColor.swift; sourceTree = "<group>"; };
		7A647E382BFF6FA10002945F /* Plus.swift */ = {isa = PBXFileReference; lastKnownFileType = sourcecode.swift; path = Plus.swift; sourceTree = "<group>"; };
		7A647E3A2BFF704F0002945F /* Equal.swift */ = {isa = PBXFileReference; lastKnownFileType = sourcecode.swift; path = Equal.swift; sourceTree = "<group>"; };
		7A9EA5902BFF71CB001954BD /* ResultView.swift */ = {isa = PBXFileReference; lastKnownFileType = sourcecode.swift; path = ResultView.swift; sourceTree = "<group>"; };
		7A9EA5942BFF7F51001954BD /* Model.swift */ = {isa = PBXFileReference; lastKnownFileType = sourcecode.swift; path = Model.swift; sourceTree = "<group>"; };
/* End PBXFileReference section */

/* Begin PBXFrameworksBuildPhase section */
		7A1066892BFE33890027F37B /* Frameworks */ = {
			isa = PBXFrameworksBuildPhase;
			buildActionMask = 2147483647;
			files = (
			);
			runOnlyForDeploymentPostprocessing = 0;
		};
/* End PBXFrameworksBuildPhase section */

/* Begin PBXGroup section */
		7A1066832BFE33890027F37B = {
			isa = PBXGroup;
			children = (
				7A61D14F2C00AA3600B242CF /* Readme.md */,
				7A10668E2BFE33890027F37B /* MixColor */,
				7A10668D2BFE33890027F37B /* Products */,
			);
			sourceTree = "<group>";
		};
		7A10668D2BFE33890027F37B /* Products */ = {
			isa = PBXGroup;
			children = (
				7A10668C2BFE33890027F37B /* MixColor.app */,
			);
			name = Products;
			sourceTree = "<group>";
		};
		7A10668E2BFE33890027F37B /* MixColor */ = {
			isa = PBXGroup;
			children = (
				7A10668F2BFE33890027F37B /* MixColorApp.swift */,
				7A61D14E2C00A7AF00B242CF /* Model */,
				7A647E362BFF6F590002945F /* Views */,
				7A1066932BFE338A0027F37B /* Assets.xcassets */,
				7A1066952BFE338A0027F37B /* Preview Content */,
			);
			path = MixColor;
			sourceTree = "<group>";
		};
		7A1066952BFE338A0027F37B /* Preview Content */ = {
			isa = PBXGroup;
			children = (
				7A1066962BFE338A0027F37B /* Preview Assets.xcassets */,
			);
			path = "Preview Content";
			sourceTree = "<group>";
		};
		7A61D14E2C00A7AF00B242CF /* Model */ = {
			isa = PBXGroup;
			children = (
				7A9EA5942BFF7F51001954BD /* Model.swift */,
			);
			path = Model;
			sourceTree = "<group>";
		};
		7A647E362BFF6F590002945F /* Views */ = {
			isa = PBXGroup;
			children = (
				7A1066912BFE33890027F37B /* ContentView.swift */,
				7A647E322BFF58180002945F /* SelectColor.swift */,
				7A9EA5902BFF71CB001954BD /* ResultView.swift */,
				7A647E372BFF6F710002945F /* ImageViews */,
			);
			path = Views;
			sourceTree = "<group>";
		};
		7A647E372BFF6F710002945F /* ImageViews */ = {
			isa = PBXGroup;
			children = (
				7A647E382BFF6FA10002945F /* Plus.swift */,
				7A647E3A2BFF704F0002945F /* Equal.swift */,
			);
			path = ImageViews;
			sourceTree = "<group>";
		};
/* End PBXGroup section */

/* Begin PBXNativeTarget section */
		7A10668B2BFE33890027F37B /* MixColor */ = {
			isa = PBXNativeTarget;
			buildConfigurationList = 7A10669A2BFE338A0027F37B /* Build configuration list for PBXNativeTarget "MixColor" */;
			buildPhases = (
				7A1066882BFE33890027F37B /* Sources */,
				7A1066892BFE33890027F37B /* Frameworks */,
				7A10668A2BFE33890027F37B /* Resources */,
			);
			buildRules = (
			);
			dependencies = (
			);
			name = MixColor;
			productName = MixMyColors;
			productReference = 7A10668C2BFE33890027F37B /* MixColor.app */;
			productType = "com.apple.product-type.application";
		};
/* End PBXNativeTarget section */

/* Begin PBXProject section */
		7A1066842BFE33890027F37B /* Project object */ = {
			isa = PBXProject;
			attributes = {
				BuildIndependentTargetsInParallel = 1;
				LastSwiftUpdateCheck = 1530;
				LastUpgradeCheck = 1530;
				TargetAttributes = {
					7A10668B2BFE33890027F37B = {
						CreatedOnToolsVersion = 15.3;
					};
				};
			};
			buildConfigurationList = 7A1066872BFE33890027F37B /* Build configuration list for PBXProject "MixColor" */;
			compatibilityVersion = "Xcode 14.0";
			developmentRegion = en;
			hasScannedForEncodings = 0;
			knownRegions = (
				en,
				Base,
			);
			mainGroup = 7A1066832BFE33890027F37B;
			productRefGroup = 7A10668D2BFE33890027F37B /* Products */;
			projectDirPath = "";
			projectRoot = "";
			targets = (
				7A10668B2BFE33890027F37B /* MixColor */,
			);
		};
/* End PBXProject section */

/* Begin PBXResourcesBuildPhase section */
		7A10668A2BFE33890027F37B /* Resources */ = {
			isa = PBXResourcesBuildPhase;
			buildActionMask = 2147483647;
			files = (
				7A1066972BFE338A0027F37B /* Preview Assets.xcassets in Resources */,
				7A1066942BFE338A0027F37B /* Assets.xcassets in Resources */,
				7A61D1502C00AA3600B242CF /* Readme.md in Resources */,
			);
			runOnlyForDeploymentPostprocessing = 0;
		};
/* End PBXResourcesBuildPhase section */

/* Begin PBXSourcesBuildPhase section */
		7A1066882BFE33890027F37B /* Sources */ = {
			isa = PBXSourcesBuildPhase;
			buildActionMask = 2147483647;
			files = (
				7A9EA5952BFF7F51001954BD /* Model.swift in Sources */,
				7A1066922BFE33890027F37B /* ContentView.swift in Sources */,
				7A1066902BFE33890027F37B /* MixColorApp.swift in Sources */,
				7A647E332BFF58180002945F /* SelectColor.swift in Sources */,
				7A647E392BFF6FA10002945F /* Plus.swift in Sources */,
				7A647E3B2BFF704F0002945F /* Equal.swift in Sources */,
				7A9EA5912BFF71CB001954BD /* ResultView.swift in Sources */,
			);
			runOnlyForDeploymentPostprocessing = 0;
		};
/* End PBXSourcesBuildPhase section */

/* Begin XCBuildConfiguration section */
		7A1066982BFE338A0027F37B /* Debug */ = {
			isa = XCBuildConfiguration;
			buildSettings = {
				ALWAYS_SEARCH_USER_PATHS = NO;
				ASSETCATALOG_COMPILER_GENERATE_SWIFT_ASSET_SYMBOL_EXTENSIONS = YES;
				CLANG_ANALYZER_NONNULL = YES;
				CLANG_ANALYZER_NUMBER_OBJECT_CONVERSION = YES_AGGRESSIVE;
				CLANG_CXX_LANGUAGE_STANDARD = "gnu++20";
				CLANG_ENABLE_MODULES = YES;
				CLANG_ENABLE_OBJC_ARC = YES;
				CLANG_ENABLE_OBJC_WEAK = YES;
				CLANG_WARN_BLOCK_CAPTURE_AUTORELEASING = YES;
				CLANG_WARN_BOOL_CONVERSION = YES;
				CLANG_WARN_COMMA = YES;
				CLANG_WARN_CONSTANT_CONVERSION = YES;
				CLANG_WARN_DEPRECATED_OBJC_IMPLEMENTATIONS = YES;
				CLANG_WARN_DIRECT_OBJC_ISA_USAGE = YES_ERROR;
				CLANG_WARN_DOCUMENTATION_COMMENTS = YES;
				CLANG_WARN_EMPTY_BODY = YES;
				CLANG_WARN_ENUM_CONVERSION = YES;
				CLANG_WARN_INFINITE_RECURSION = YES;
				CLANG_WARN_INT_CONVERSION = YES;
				CLANG_WARN_NON_LITERAL_NULL_CONVERSION = YES;
				CLANG_WARN_OBJC_IMPLICIT_RETAIN_SELF = YES;
				CLANG_WARN_OBJC_LITERAL_CONVERSION = YES;
				CLANG_WARN_OBJC_ROOT_CLASS = YES_ERROR;
				CLANG_WARN_QUOTED_INCLUDE_IN_FRAMEWORK_HEADER = YES;
				CLANG_WARN_RANGE_LOOP_ANALYSIS = YES;
				CLANG_WARN_STRICT_PROTOTYPES = YES;
				CLANG_WARN_SUSPICIOUS_MOVE = YES;
				CLANG_WARN_UNGUARDED_AVAILABILITY = YES_AGGRESSIVE;
				CLANG_WARN_UNREACHABLE_CODE = YES;
				CLANG_WARN__DUPLICATE_METHOD_MATCH = YES;
				COPY_PHASE_STRIP = NO;
				DEBUG_INFORMATION_FORMAT = dwarf;
				ENABLE_STRICT_OBJC_MSGSEND = YES;
				ENABLE_TESTABILITY = YES;
				ENABLE_USER_SCRIPT_SANDBOXING = YES;
				GCC_C_LANGUAGE_STANDARD = gnu17;
				GCC_DYNAMIC_NO_PIC = NO;
				GCC_NO_COMMON_BLOCKS = YES;
				GCC_OPTIMIZATION_LEVEL = 0;
				GCC_PREPROCESSOR_DEFINITIONS = (
					"DEBUG=1",
					"$(inherited)",
				);
				GCC_WARN_64_TO_32_BIT_CONVERSION = YES;
				GCC_WARN_ABOUT_RETURN_TYPE = YES_ERROR;
				GCC_WARN_UNDECLARED_SELECTOR = YES;
				GCC_WARN_UNINITIALIZED_AUTOS = YES_AGGRESSIVE;
				GCC_WARN_UNUSED_FUNCTION = YES;
				GCC_WARN_UNUSED_VARIABLE = YES;
				IPHONEOS_DEPLOYMENT_TARGET = 17.4;
				LOCALIZATION_PREFERS_STRING_CATALOGS = YES;
				MTL_ENABLE_DEBUG_INFO = INCLUDE_SOURCE;
				MTL_FAST_MATH = YES;
				ONLY_ACTIVE_ARCH = YES;
				SDKROOT = iphoneos;
				SWIFT_ACTIVE_COMPILATION_CONDITIONS = "DEBUG $(inherited)";
				SWIFT_OPTIMIZATION_LEVEL = "-Onone";
			};
			name = Debug;
		};
		7A1066992BFE338A0027F37B /* Release */ = {
			isa = XCBuildConfiguration;
			buildSettings = {
				ALWAYS_SEARCH_USER_PATHS = NO;
				ASSETCATALOG_COMPILER_GENERATE_SWIFT_ASSET_SYMBOL_EXTENSIONS = YES;
				CLANG_ANALYZER_NONNULL = YES;
				CLANG_ANALYZER_NUMBER_OBJECT_CONVERSION = YES_AGGRESSIVE;
				CLANG_CXX_LANGUAGE_STANDARD = "gnu++20";
				CLANG_ENABLE_MODULES = YES;
				CLANG_ENABLE_OBJC_ARC = YES;
				CLANG_ENABLE_OBJC_WEAK = YES;
				CLANG_WARN_BLOCK_CAPTURE_AUTORELEASING = YES;
				CLANG_WARN_BOOL_CONVERSION = YES;
				CLANG_WARN_COMMA = YES;
				CLANG_WARN_CONSTANT_CONVERSION = YES;
				CLANG_WARN_DEPRECATED_OBJC_IMPLEMENTATIONS = YES;
				CLANG_WARN_DIRECT_OBJC_ISA_USAGE = YES_ERROR;
				CLANG_WARN_DOCUMENTATION_COMMENTS = YES;
				CLANG_WARN_EMPTY_BODY = YES;
				CLANG_WARN_ENUM_CONVERSION = YES;
				CLANG_WARN_INFINITE_RECURSION = YES;
				CLANG_WARN_INT_CONVERSION = YES;
				CLANG_WARN_NON_LITERAL_NULL_CONVERSION = YES;
				CLANG_WARN_OBJC_IMPLICIT_RETAIN_SELF = YES;
				CLANG_WARN_OBJC_LITERAL_CONVERSION = YES;
				CLANG_WARN_OBJC_ROOT_CLASS = YES_ERROR;
				CLANG_WARN_QUOTED_INCLUDE_IN_FRAMEWORK_HEADER = YES;
				CLANG_WARN_RANGE_LOOP_ANALYSIS = YES;
				CLANG_WARN_STRICT_PROTOTYPES = YES;
				CLANG_WARN_SUSPICIOUS_MOVE = YES;
				CLANG_WARN_UNGUARDED_AVAILABILITY = YES_AGGRESSIVE;
				CLANG_WARN_UNREACHABLE_CODE = YES;
				CLANG_WARN__DUPLICATE_METHOD_MATCH = YES;
				COPY_PHASE_STRIP = NO;
				DEBUG_INFORMATION_FORMAT = "dwarf-with-dsym";
				ENABLE_NS_ASSERTIONS = NO;
				ENABLE_STRICT_OBJC_MSGSEND = YES;
				ENABLE_USER_SCRIPT_SANDBOXING = YES;
				GCC_C_LANGUAGE_STANDARD = gnu17;
				GCC_NO_COMMON_BLOCKS = YES;
				GCC_WARN_64_TO_32_BIT_CONVERSION = YES;
				GCC_WARN_ABOUT_RETURN_TYPE = YES_ERROR;
				GCC_WARN_UNDECLARED_SELECTOR = YES;
				GCC_WARN_UNINITIALIZED_AUTOS = YES_AGGRESSIVE;
				GCC_WARN_UNUSED_FUNCTION = YES;
				GCC_WARN_UNUSED_VARIABLE = YES;
				IPHONEOS_DEPLOYMENT_TARGET = 17.4;
				LOCALIZATION_PREFERS_STRING_CATALOGS = YES;
				MTL_ENABLE_DEBUG_INFO = NO;
				MTL_FAST_MATH = YES;
				SDKROOT = iphoneos;
				SWIFT_COMPILATION_MODE = wholemodule;
				VALIDATE_PRODUCT = YES;
			};
			name = Release;
		};
		7A10669B2BFE338A0027F37B /* Debug */ = {
			isa = XCBuildConfiguration;
			buildSettings = {
				ASSETCATALOG_COMPILER_APPICON_NAME = AppIcon;
				ASSETCATALOG_COMPILER_GLOBAL_ACCENT_COLOR_NAME = AccentColor;
				CODE_SIGN_STYLE = Automatic;
				CURRENT_PROJECT_VERSION = 1;
				DEVELOPMENT_ASSET_PATHS = "\"MixColor/Preview Content\"";
				DEVELOPMENT_TEAM = JFBZKLJ68V;
				ENABLE_PREVIEWS = YES;
				GENERATE_INFOPLIST_FILE = YES;
				INFOPLIST_KEY_CFBundleDisplayName = MixColor;
				INFOPLIST_KEY_UIApplicationSceneManifest_Generation = YES;
				INFOPLIST_KEY_UIApplicationSupportsIndirectInputEvents = YES;
				INFOPLIST_KEY_UILaunchScreen_Generation = YES;
				INFOPLIST_KEY_UISupportedInterfaceOrientations_iPad = "UIInterfaceOrientationPortrait UIInterfaceOrientationPortraitUpsideDown UIInterfaceOrientationLandscapeLeft UIInterfaceOrientationLandscapeRight";
				INFOPLIST_KEY_UISupportedInterfaceOrientations_iPhone = "UIInterfaceOrientationPortrait UIInterfaceOrientationLandscapeLeft UIInterfaceOrientationLandscapeRight";
				IPHONEOS_DEPLOYMENT_TARGET = 16.0;
				LD_RUNPATH_SEARCH_PATHS = (
					"$(inherited)",
					"@executable_path/Frameworks",
				);
				MARKETING_VERSION = 1.0;
				PRODUCT_BUNDLE_IDENTIFIER = ekukarskiy.MixColor;
				PRODUCT_NAME = "$(TARGET_NAME)";
				SUPPORTED_PLATFORMS = "iphoneos iphonesimulator";
				SUPPORTS_MACCATALYST = NO;
				SUPPORTS_MAC_DESIGNED_FOR_IPHONE_IPAD = NO;
				SUPPORTS_XR_DESIGNED_FOR_IPHONE_IPAD = NO;
				SWIFT_EMIT_LOC_STRINGS = YES;
				SWIFT_VERSION = 5.0;
				TARGETED_DEVICE_FAMILY = "1,2";
			};
			name = Debug;
		};
		7A10669C2BFE338A0027F37B /* Release */ = {
			isa = XCBuildConfiguration;
			buildSettings = {
				ASSETCATALOG_COMPILER_APPICON_NAME = AppIcon;
				ASSETCATALOG_COMPILER_GLOBAL_ACCENT_COLOR_NAME = AccentColor;
				CODE_SIGN_STYLE = Automatic;
				CURRENT_PROJECT_VERSION = 1;
				DEVELOPMENT_ASSET_PATHS = "\"MixColor/Preview Content\"";
				DEVELOPMENT_TEAM = JFBZKLJ68V;
				ENABLE_PREVIEWS = YES;
				GENERATE_INFOPLIST_FILE = YES;
				INFOPLIST_KEY_CFBundleDisplayName = MixColor;
				INFOPLIST_KEY_UIApplicationSceneManifest_Generation = YES;
				INFOPLIST_KEY_UIApplicationSupportsIndirectInputEvents = YES;
				INFOPLIST_KEY_UILaunchScreen_Generation = YES;
				INFOPLIST_KEY_UISupportedInterfaceOrientations_iPad = "UIInterfaceOrientationPortrait UIInterfaceOrientationPortraitUpsideDown UIInterfaceOrientationLandscapeLeft UIInterfaceOrientationLandscapeRight";
				INFOPLIST_KEY_UISupportedInterfaceOrientations_iPhone = "UIInterfaceOrientationPortrait UIInterfaceOrientationLandscapeLeft UIInterfaceOrientationLandscapeRight";
				IPHONEOS_DEPLOYMENT_TARGET = 16.0;
				LD_RUNPATH_SEARCH_PATHS = (
					"$(inherited)",
					"@executable_path/Frameworks",
				);
				MARKETING_VERSION = 1.0;
				PRODUCT_BUNDLE_IDENTIFIER = ekukarskiy.MixColor;
				PRODUCT_NAME = "$(TARGET_NAME)";
				SUPPORTED_PLATFORMS = "iphoneos iphonesimulator";
				SUPPORTS_MACCATALYST = NO;
				SUPPORTS_MAC_DESIGNED_FOR_IPHONE_IPAD = NO;
				SUPPORTS_XR_DESIGNED_FOR_IPHONE_IPAD = NO;
				SWIFT_EMIT_LOC_STRINGS = YES;
				SWIFT_VERSION = 5.0;
				TARGETED_DEVICE_FAMILY = "1,2";
			};
			name = Release;
		};
/* End XCBuildConfiguration section */

/* Begin XCConfigurationList section */
		7A1066872BFE33890027F37B /* Build configuration list for PBXProject "MixColor" */ = {
			isa = XCConfigurationList;
			buildConfigurations = (
				7A1066982BFE338A0027F37B /* Debug */,
				7A1066992BFE338A0027F37B /* Release */,
			);
			defaultConfigurationIsVisible = 0;
			defaultConfigurationName = Release;
		};
		7A10669A2BFE338A0027F37B /* Build configuration list for PBXNativeTarget "MixColor" */ = {
			isa = XCConfigurationList;
			buildConfigurations = (
				7A10669B2BFE338A0027F37B /* Debug */,
				7A10669C2BFE338A0027F37B /* Release */,
			);
			defaultConfigurationIsVisible = 0;
			defaultConfigurationName = Release;
		};
/* End XCConfigurationList section */
	};
	rootObject = 7A1066842BFE33890027F37B /* Project object */;
}
